PODS:
  - NMapsGeometry (1.0.1)
  - NMapsMap (3.17.0):
    - NMapsGeometry
  - SnapKit (5.0.1)

DEPENDENCIES:
  - NMapsMap
  - SnapKit (~> 5.0.1)

SPEC REPOS:
  trunk:
    - NMapsGeometry
    - NMapsMap
    - SnapKit

SPEC CHECKSUMS:
  NMapsGeometry: 53c573ead66466681cf123f99f698dc8071a4b83
  NMapsMap: a5b909a31b6f3d27a670f6eb2ddc913c38975474
  SnapKit: 97b92857e3df3a0c71833cce143274bf6ef8e5eb

PODFILE CHECKSUM: d5c162488ca1e88b480461a6f2361eb50839cb2e

COCOAPODS: 1.12.1
